<?xml version="1.0" encoding="utf-8"?>
<Project ToolsVersion="4.0" xmlns="http://schemas.microsoft.com/developer/msbuild/2003">
  <ItemGroup>
    <Filter Include="源文件">
      <UniqueIdentifier>{4FC737F1-C7A5-4376-A066-2A32D752A2FF}</UniqueIdentifier>
      <Extensions>cpp;c;cc;cxx;def;odl;idl;hpj;bat;asm;asmx</Extensions>
    </Filter>
    <Filter Include="资源文件">
      <UniqueIdentifier>{67DA6AB6-F800-4c08-8B7A-83BB121AAD01}</UniqueIdentifier>
      <Extensions>rc;ico;cur;bmp;dlg;rc2;rct;bin;rgs;gif;jpg;jpeg;jpe;resx;tiff;tif;png;wav;mfcribbon-ms</Extensions>
    </Filter>
    <Filter Include="头文件">
      <UniqueIdentifier>{57879fd5-f066-4729-b8cc-2745aa5ea131}</UniqueIdentifier>
      <Extensions>h;hpp</Extensions>
    </Filter>
    <Filter Include="头文件\IO">
      <UniqueIdentifier>{2ae7a665-f858-4392-ba88-8bf47dad9394}</UniqueIdentifier>
    </Filter>
    <Filter Include="源文件\IO">
      <UniqueIdentifier>{75465f1d-abf8-43c1-9a3e-7d96999b3ec0}</UniqueIdentifier>
    </Filter>
    <Filter Include="头文件\IO\Network">
      <UniqueIdentifier>{7764f0b7-1435-4850-ad2e-da56ffeb3405}</UniqueIdentifier>
    </Filter>
    <Filter Include="源文件\IO\Network">
      <UniqueIdentifier>{cefaf2c5-0611-4627-8423-f449bcce85be}</UniqueIdentifier>
    </Filter>
    <Filter Include="源文件\IO\Network\Base">
      <UniqueIdentifier>{95612b04-8d99-4707-8f93-4b65b8ec50b2}</UniqueIdentifier>
    </Filter>
    <Filter Include="头文件\IO\Network\Base">
      <UniqueIdentifier>{5d212175-6c34-43e9-8ea1-15929d14c21d}</UniqueIdentifier>
    </Filter>
    <Filter Include="源文件\Containers">
      <UniqueIdentifier>{d444de5b-a6b2-42ec-898a-34ac0149b531}</UniqueIdentifier>
    </Filter>
    <Filter Include="头文件\Containers">
      <UniqueIdentifier>{68e7694c-242d-45f4-81c3-7c0e9bf8b199}</UniqueIdentifier>
    </Filter>
  </ItemGroup>
  <ItemGroup>
    <ClCompile Include="Linx\Containers\RingBuffer.cpp">
      <Filter>源文件\Containers</Filter>
    </ClCompile>
    <ClCompile Include="Linx\IO\Network\Base\SocketBase.cpp">
      <Filter>源文件\IO\Network\Base</Filter>
    </ClCompile>
    <ClCompile Include="Linx\IO\Network\TcpClientSocket.cpp">
      <Filter>源文件\IO\Network</Filter>
    </ClCompile>
    <ClCompile Include="Linx\IO\Network\TcpServerSocket.cpp">
      <Filter>源文件\IO\Network</Filter>
    </ClCompile>
    <ClCompile Include="Linx\IO\Network\Base\TcpSocket.cpp">
      <Filter>源文件\IO\Network\Base</Filter>
    </ClCompile>
    <ClCompile Include="Linx\IO\Network\TestNetwork.cpp">
      <Filter>源文件\IO\Network</Filter>
    </ClCompile>
    <ClCompile Include="Linx\Containers\TestRingBuffer.cpp">
      <Filter>源文件\Containers</Filter>
    </ClCompile>
    <ClCompile Include="Linx\IO\Network\UdpSocket.cpp">
      <Filter>源文件\IO\Network</Filter>
    </ClCompile>
    <ClCompile Include="Linx\Math\MathUtils.cpp">
      <Filter>源文件</Filter>
    </ClCompile>
    <ClCompile Include="Linx\Utils\Logger.cpp">
      <Filter>源文件</Filter>
    </ClCompile>
    <ClCompile Include="Linx\System\Time.cpp">
      <Filter>源文件</Filter>
    </ClCompile>
    <ClCompile Include="Linx\FunctionLibrary\StringLibrary.cpp">
      <Filter>源文件</Filter>
    </ClCompile>
    <ClCompile Include="Linx\FunctionLibrary\TestString.cpp">
      <Filter>源文件</Filter>
    </ClCompile>
    <ClCompile Include="Linx\Utils\TestLogger.cpp">
      <Filter>源文件</Filter>
    </ClCompile>
    <ClCompile Include="Linx\Core.cpp">
      <Filter>源文件</Filter>
    </ClCompile>
    <ClCompile Include="Linx\IO\FileStream.cpp">
      <Filter>源文件</Filter>
    </ClCompile>
    <ClCompile Include="Linx\IO\TestFile.cpp">
      <Filter>源文件</Filter>
    </ClCompile>
    <ClCompile Include="Linx\IO\Uart.cpp">
      <Filter>源文件</Filter>
    </ClCompile>
    <ClCompile Include="Linx\IO\TestUart.cpp">
      <Filter>源文件</Filter>
    </ClCompile>
    <ClCompile Include="Linx\Protocol\Ini.cpp">
      <Filter>源文件</Filter>
    </ClCompile>
    <ClCompile Include="Linx\Utils\VariableString.cpp">
      <Filter>源文件</Filter>
    </ClCompile>
    <ClCompile Include="Linx\Utils\TestVariableString.cpp">
      <Filter>源文件</Filter>
    </ClCompile>
    <ClCompile Include="Linx\Protocol\TestIni.cpp">
      <Filter>源文件</Filter>
    </ClCompile>
    <ClCompile Include="Linx\Thread\Thread.cpp">
      <Filter>源文件</Filter>
    </ClCompile>
    <ClCompile Include="Linx\Thread\TestThread.cpp">
      <Filter>源文件</Filter>
    </ClCompile>
    <ClCompile Include="Linx\Thread\ThreadPool.cpp">
      <Filter>源文件</Filter>
    </ClCompile>
    <ClCompile Include="Linx\Thread\Task.cpp">
      <Filter>源文件</Filter>
    </ClCompile>
    <ClCompile Include="Linx\Thread\SyncQueue.cpp">
      <Filter>源文件</Filter>
    </ClCompile>
  </ItemGroup>
  <ItemGroup>
    <ClInclude Include="Linx\Containers\RingBuffer.h">
      <Filter>头文件\Containers</Filter>
    </ClInclude>
    <ClInclude Include="Linx\IO\Network\Base\SocketBase.h">
      <Filter>头文件\IO\Network\Base</Filter>
    </ClInclude>
    <ClInclude Include="Linx\IO\Network\TcpClientSocket.h">
      <Filter>头文件\IO\Network</Filter>
    </ClInclude>
    <ClInclude Include="Linx\IO\Network\TcpServerSocket.h">
      <Filter>头文件\IO\Network</Filter>
    </ClInclude>
    <ClInclude Include="Linx\IO\Network\Base\TcpSocket.h">
      <Filter>头文件\IO\Network\Base</Filter>
    </ClInclude>
    <ClInclude Include="Linx\IO\Network\UdpSocket.h">
      <Filter>头文件\IO\Network</Filter>
    </ClInclude>
    <ClInclude Include="Linx\TestConfig.h">
      <Filter>头文件</Filter>
    </ClInclude>
    <ClInclude Include="Linx\Math\MathUtils.h">
      <Filter>头文件</Filter>
    </ClInclude>
    <ClInclude Include="Linx\Utils\Debug.h">
      <Filter>头文件</Filter>
    </ClInclude>
    <ClInclude Include="Linx\Utils\Logger.h">
      <Filter>头文件</Filter>
    </ClInclude>
    <ClInclude Include="Linx\System\Time.h">
      <Filter>头文件</Filter>
    </ClInclude>
    <ClInclude Include="Linx\Utils\TypeTraits.h">
      <Filter>头文件</Filter>
    </ClInclude>
    <ClInclude Include="Linx\Utils\MacroUtils.h">
      <Filter>头文件</Filter>
    </ClInclude>
    <ClInclude Include="Linx\Utils\Singleton.h">
      <Filter>头文件</Filter>
    </ClInclude>
    <ClInclude Include="Linx\FunctionLibrary\StringLibrary.h">
      <Filter>头文件</Filter>
    </ClInclude>
    <ClInclude Include="Linx\Config.h">
      <Filter>头文件</Filter>
    </ClInclude>
    <ClInclude Include="Linx\Core.h">
      <Filter>头文件</Filter>
    </ClInclude>
    <ClInclude Include="Linx\IO\FileStream.h">
      <Filter>头文件</Filter>
    </ClInclude>
    <ClInclude Include="Linx\IO\Uart.h">
      <Filter>头文件</Filter>
    </ClInclude>
    <ClInclude Include="Linx\Protocol\Ini.h">
      <Filter>头文件</Filter>
    </ClInclude>
    <ClInclude Include="Linx\Utils\VariableString.h">
      <Filter>头文件</Filter>
    </ClInclude>
    <ClInclude Include="Linx\Thread\Thread.h">
      <Filter>头文件</Filter>
    </ClInclude>
    <ClInclude Include="Linx\Thread\ThreadPool.h">
      <Filter>头文件</Filter>
    </ClInclude>
    <ClInclude Include="Linx\Thread\Task.h">
      <Filter>头文件</Filter>
    </ClInclude>
    <ClInclude Include="Linx\Thread\SyncQueue.h">
      <Filter>头文件</Filter>
    </ClInclude>
    <ClInclude Include="Linx\Thread\Lock\SpinLock.h">
      <Filter>头文件</Filter>
    </ClInclude>
  </ItemGroup>
</Project>